
Microsoft Visual Studio Solution File, Format Version 12.00
# Visual Studio 14
VisualStudioVersion = 14.0.25420.1
MinimumVisualStudioVersion = 10.0.40219.1
Project("{FAE04EC0-301F-11D3-BF4B-00C04F79EFBC}") = "IntroductionToHtml5", "IntroductionToHtml5\IntroductionToHtml5.csproj", "{9374F7EF-3BC9-4F9C-AC97-F2DF31C49DA3}"
EndProject
Project("{FAE04EC0-301F-11D3-BF4B-00C04F79EFBC}") = "IntroductionToCss3", "IntroductionToCss3\IntroductionToCss3.csproj", "{48263A38-842D-44F9-B8DA-E6F478191B1C}"
EndProject
Project("{FAE04EC0-301F-11D3-BF4B-00C04F79EFBC}") = "InteractivityWithJavaScript", "InteractivityWithJavaScript\InteractivityWithJavaScript.csproj", "{B1BCCC3C-986B-47A8-A231-D0789BADD0D2}"
EndProject
Project("{2150E333-8FDC-42A3-9474-1A3956D46DE8}") = "Solution Items", "Solution Items", "{6F8061F0-722E-4F93-8CD3-E748ACBBA2BE}"
	ProjectSection(SolutionItems) = preProject
		README.md = README.md
	EndProjectSection
EndProject
Global
	GlobalSection(SolutionConfigurationPlatforms) = preSolution
		Debug|Any CPU = Debug|Any CPU
		Release|Any CPU = Release|Any CPU
	EndGlobalSection
	GlobalSection(ProjectConfigurationPlatforms) = postSolution
		{9374F7EF-3BC9-4F9C-AC97-F2DF31C49DA3}.Debug|Any CPU.ActiveCfg = Debug|Any CPU
		{9374F7EF-3BC9-4F9C-AC97-F2DF31C49DA3}.Debug|Any CPU.Build.0 = Debug|Any CPU
		{9374F7EF-3BC9-4F9C-AC97-F2DF31C49DA3}.Release|Any CPU.ActiveCfg = Release|Any CPU
		{9374F7EF-3BC9-4F9C-AC97-F2DF31C49DA3}.Release|Any CPU.Build.0 = Release|Any CPU
		{48263A38-842D-44F9-B8DA-E6F478191B1C}.Debug|Any CPU.ActiveCfg = Debug|Any CPU
		{48263A38-842D-44F9-B8DA-E6F478191B1C}.Debug|Any CPU.Build.0 = Debug|Any CPU
		{48263A38-842D-44F9-B8DA-E6F478191B1C}.Release|Any CPU.ActiveCfg = Release|Any CPU
		{48263A38-842D-44F9-B8DA-E6F478191B1C}.Release|Any CPU.Build.0 = Release|Any CPU
		{B1BCCC3C-986B-47A8-A231-D0789BADD0D2}.Debug|Any CPU.ActiveCfg = Debug|Any CPU
		{B1BCCC3C-986B-47A8-A231-D0789BADD0D2}.Debug|Any CPU.Build.0 = Debug|Any CPU
		{B1BCCC3C-986B-47A8-A231-D0789BADD0D2}.Release|Any CPU.ActiveCfg = Release|Any CPU
		{B1BCCC3C-986B-47A8-A231-D0789BADD0D2}.Release|Any CPU.Build.0 = Release|Any CPU
	EndGlobalSection
	GlobalSection(SolutionProperties) = preSolution
		HideSolutionNode = FALSE
	EndGlobalSection
EndGlobal
